
Microsoft Visual Studio Solution File, Format Version 12.00
# Visual Studio 2013
VisualStudioVersion = 12.0.30501.0
MinimumVisualStudioVersion = 10.0.40219.1
Project("{FAE04EC0-301F-11D3-BF4B-00C04F79EFBC}") = "Minibus.Web", "Minibus.Web\Minibus.Web.csproj", "{B5FFA118-70F9-4E6B-8AA7-9E0AC60241A9}"
EndProject
Project("{FAE04EC0-301F-11D3-BF4B-00C04F79EFBC}") = "Minibus.Data", "Minibus.Data\Minibus.Data.csproj", "{C63D97C0-C40F-4122-852B-0DAA12102F8D}"
EndProject
Project("{FAE04EC0-301F-11D3-BF4B-00C04F79EFBC}") = "Minibus.Logic", "Minibus.Logic\Minibus.Logic.csproj", "{6C485303-EC43-4D04-B862-9E07BDC92654}"
EndProject
Global
	GlobalSection(SolutionConfigurationPlatforms) = preSolution
		Debug|Any CPU = Debug|Any CPU
		Release|Any CPU = Release|Any CPU
	EndGlobalSection
	GlobalSection(ProjectConfigurationPlatforms) = postSolution
		{B5FFA118-70F9-4E6B-8AA7-9E0AC60241A9}.Debug|Any CPU.ActiveCfg = Debug|Any CPU
		{B5FFA118-70F9-4E6B-8AA7-9E0AC60241A9}.Debug|Any CPU.Build.0 = Debug|Any CPU
		{B5FFA118-70F9-4E6B-8AA7-9E0AC60241A9}.Release|Any CPU.ActiveCfg = Release|Any CPU
		{B5FFA118-70F9-4E6B-8AA7-9E0AC60241A9}.Release|Any CPU.Build.0 = Release|Any CPU
		{C63D97C0-C40F-4122-852B-0DAA12102F8D}.Debug|Any CPU.ActiveCfg = Debug|Any CPU
		{C63D97C0-C40F-4122-852B-0DAA12102F8D}.Debug|Any CPU.Build.0 = Debug|Any CPU
		{C63D97C0-C40F-4122-852B-0DAA12102F8D}.Release|Any CPU.ActiveCfg = Release|Any CPU
		{C63D97C0-C40F-4122-852B-0DAA12102F8D}.Release|Any CPU.Build.0 = Release|Any CPU
		{6C485303-EC43-4D04-B862-9E07BDC92654}.Debug|Any CPU.ActiveCfg = Debug|Any CPU
		{6C485303-EC43-4D04-B862-9E07BDC92654}.Debug|Any CPU.Build.0 = Debug|Any CPU
		{6C485303-EC43-4D04-B862-9E07BDC92654}.Release|Any CPU.ActiveCfg = Release|Any CPU
		{6C485303-EC43-4D04-B862-9E07BDC92654}.Release|Any CPU.Build.0 = Release|Any CPU
	EndGlobalSection
	GlobalSection(SolutionProperties) = preSolution
		HideSolutionNode = FALSE
	EndGlobalSection
EndGlobal
